
Microsoft Visual Studio Solution File, Format Version 12.00
# Visual Studio 14
VisualStudioVersion = 14.0.23107.0
MinimumVisualStudioVersion = 10.0.40219.1
Project("{FAE04EC0-301F-11D3-BF4B-00C04F79EFBC}") = "codHammingaCs", "codHammingaCs\codHammingaCs.csproj", "{B5A4C478-FA58-439D-82EB-3C667E4465E7}"
EndProject
Project("{FAE04EC0-301F-11D3-BF4B-00C04F79EFBC}") = "codHammingServerCs", "..\..\..\Visual Studio 2013\Projects\codHammingServerCs\codHammingServerCs\codHammingServerCs.csproj", "{8D1A6949-D686-4BD2-88B8-22FA685E1518}"
EndProject
Global
	GlobalSection(SolutionConfigurationPlatforms) = preSolution
		Debug|Any CPU = Debug|Any CPU
		Release|Any CPU = Release|Any CPU
	EndGlobalSection
	GlobalSection(ProjectConfigurationPlatforms) = postSolution
		{B5A4C478-FA58-439D-82EB-3C667E4465E7}.Debug|Any CPU.ActiveCfg = Debug|Any CPU
		{B5A4C478-FA58-439D-82EB-3C667E4465E7}.Debug|Any CPU.Build.0 = Debug|Any CPU
		{B5A4C478-FA58-439D-82EB-3C667E4465E7}.Release|Any CPU.ActiveCfg = Release|Any CPU
		{B5A4C478-FA58-439D-82EB-3C667E4465E7}.Release|Any CPU.Build.0 = Release|Any CPU
		{8D1A6949-D686-4BD2-88B8-22FA685E1518}.Debug|Any CPU.ActiveCfg = Debug|Any CPU
		{8D1A6949-D686-4BD2-88B8-22FA685E1518}.Debug|Any CPU.Build.0 = Debug|Any CPU
		{8D1A6949-D686-4BD2-88B8-22FA685E1518}.Release|Any CPU.ActiveCfg = Release|Any CPU
		{8D1A6949-D686-4BD2-88B8-22FA685E1518}.Release|Any CPU.Build.0 = Release|Any CPU
	EndGlobalSection
	GlobalSection(SolutionProperties) = preSolution
		HideSolutionNode = FALSE
	EndGlobalSection
EndGlobal
